
Microsoft Visual Studio Solution File, Format Version 12.00
# Visual Studio Version 17
VisualStudioVersion = 17.9.34728.123
MinimumVisualStudioVersion = 10.0.40219.1
Project("{9A19103F-16F7-4668-BE54-9A1E7A4F7556}") = "ClientManagement.API", "ClientManagement\ClientManagement.API.csproj", "{D0E02504-8A8E-4198-8BEC-12514EB4A33B}"
EndProject
Project("{9A19103F-16F7-4668-BE54-9A1E7A4F7556}") = "ClientManagement.BusinessLogic", "ClientManagement.BusinessLogic\ClientManagement.BusinessLogic.csproj", "{81EE001D-F12D-4FC4-800C-E182C9FF4C32}"
EndProject
Project("{9A19103F-16F7-4668-BE54-9A1E7A4F7556}") = "ClientManagement.DataAccess", "ClientManagement.DataAccess\ClientManagement.DataAccess.csproj", "{501A1AD8-D98F-4F71-B836-6FE45FD0C5BD}"
EndProject
Project("{9A19103F-16F7-4668-BE54-9A1E7A4F7556}") = "ClientManagement.Models", "ClientManagement.Models\ClientManagement.Models.csproj", "{419623A2-A19F-4A71-A773-80779CC893A7}"
EndProject
Global
	GlobalSection(SolutionConfigurationPlatforms) = preSolution
		Debug|Any CPU = Debug|Any CPU
		Release|Any CPU = Release|Any CPU
	EndGlobalSection
	GlobalSection(ProjectConfigurationPlatforms) = postSolution
		{D0E02504-8A8E-4198-8BEC-12514EB4A33B}.Debug|Any CPU.ActiveCfg = Debug|Any CPU
		{D0E02504-8A8E-4198-8BEC-12514EB4A33B}.Debug|Any CPU.Build.0 = Debug|Any CPU
		{D0E02504-8A8E-4198-8BEC-12514EB4A33B}.Release|Any CPU.ActiveCfg = Release|Any CPU
		{D0E02504-8A8E-4198-8BEC-12514EB4A33B}.Release|Any CPU.Build.0 = Release|Any CPU
		{81EE001D-F12D-4FC4-800C-E182C9FF4C32}.Debug|Any CPU.ActiveCfg = Debug|Any CPU
		{81EE001D-F12D-4FC4-800C-E182C9FF4C32}.Debug|Any CPU.Build.0 = Debug|Any CPU
		{81EE001D-F12D-4FC4-800C-E182C9FF4C32}.Release|Any CPU.ActiveCfg = Release|Any CPU
		{81EE001D-F12D-4FC4-800C-E182C9FF4C32}.Release|Any CPU.Build.0 = Release|Any CPU
		{501A1AD8-D98F-4F71-B836-6FE45FD0C5BD}.Debug|Any CPU.ActiveCfg = Debug|Any CPU
		{501A1AD8-D98F-4F71-B836-6FE45FD0C5BD}.Debug|Any CPU.Build.0 = Debug|Any CPU
		{501A1AD8-D98F-4F71-B836-6FE45FD0C5BD}.Release|Any CPU.ActiveCfg = Release|Any CPU
		{501A1AD8-D98F-4F71-B836-6FE45FD0C5BD}.Release|Any CPU.Build.0 = Release|Any CPU
		{419623A2-A19F-4A71-A773-80779CC893A7}.Debug|Any CPU.ActiveCfg = Debug|Any CPU
		{419623A2-A19F-4A71-A773-80779CC893A7}.Debug|Any CPU.Build.0 = Debug|Any CPU
		{419623A2-A19F-4A71-A773-80779CC893A7}.Release|Any CPU.ActiveCfg = Release|Any CPU
		{419623A2-A19F-4A71-A773-80779CC893A7}.Release|Any CPU.Build.0 = Release|Any CPU
	EndGlobalSection
	GlobalSection(SolutionProperties) = preSolution
		HideSolutionNode = FALSE
	EndGlobalSection
	GlobalSection(ExtensibilityGlobals) = postSolution
		SolutionGuid = {F1D48658-C516-449B-B4AE-F56962DBCD6C}
	EndGlobalSection
EndGlobal
